
Microsoft Visual Studio Solution File, Format Version 12.00
# Visual Studio Version 17
VisualStudioVersion = 17.5.002.0
MinimumVisualStudioVersion = 10.0.40219.1
Project("{9A19103F-16F7-4668-BE54-9A1E7A4F7556}") = "Software Renderer", "Software Renderer.csproj", "{D24631E6-344E-47CE-8C35-84DE3ACF570E}"
EndProject
Global
	GlobalSection(SolutionConfigurationPlatforms) = preSolution
		Debug|Any CPU = Debug|Any CPU
		Release|Any CPU = Release|Any CPU
	EndGlobalSection
	GlobalSection(ProjectConfigurationPlatforms) = postSolution
		{D24631E6-344E-47CE-8C35-84DE3ACF570E}.Debug|Any CPU.ActiveCfg = Debug|Any CPU
		{D24631E6-344E-47CE-8C35-84DE3ACF570E}.Debug|Any CPU.Build.0 = Debug|Any CPU
		{D24631E6-344E-47CE-8C35-84DE3ACF570E}.Release|Any CPU.ActiveCfg = Release|Any CPU
		{D24631E6-344E-47CE-8C35-84DE3ACF570E}.Release|Any CPU.Build.0 = Release|Any CPU
	EndGlobalSection
	GlobalSection(SolutionProperties) = preSolution
		HideSolutionNode = FALSE
	EndGlobalSection
	GlobalSection(ExtensibilityGlobals) = postSolution
		SolutionGuid = {76C5A00C-4515-4BC8-8A7B-404F463B8A21}
	EndGlobalSection
EndGlobal
